<?xml version="1.0" encoding="utf-8"?>
<Project ToolsVersion="4.0" xmlns="http://schemas.microsoft.com/developer/msbuild/2003">
  <ItemGroup>
    <ClCompile Include="main.cpp">
      <Filter>win32</Filter>
    </ClCompile>
    <ClCompile Include="..\Classes\AppDelegate.cpp">
      <Filter>src\The App</Filter>
    </ClCompile>
    <ClCompile Include="..\Classes\RHMainMenu.cpp">
      <Filter>src\Scenes</Filter>
    </ClCompile>
    <ClCompile Include="..\Classes\RHScenes.cpp">
      <Filter>src\Scenes\Game Scenes</Filter>
    </ClCompile>
    <ClCompile Include="..\Classes\RHGridVector.cpp">
      <Filter>src\Types</Filter>
    </ClCompile>
    <ClCompile Include="..\Classes\RHCar.cpp">
      <Filter>src\Game Objects\Cars</Filter>
    </ClCompile>
    <ClCompile Include="..\Classes\RHGameGrid.cpp">
      <Filter>src\Game Objects\Grid</Filter>
    </ClCompile>
    <ClCompile Include="..\Classes\RHLevelComponents.cpp">
      <Filter>src\Storage</Filter>
    </ClCompile>
    <ClCompile Include="RHLevelParser.cpp">
      <Filter>src\Storage\FileIO</Filter>
    </ClCompile>
  </ItemGroup>
  <ItemGroup>
    <ClInclude Include="main.h">
      <Filter>win32</Filter>
    </ClInclude>
    <ClInclude Include="..\Classes\AppDelegate.h">
      <Filter>src\The App</Filter>
    </ClInclude>
    <ClInclude Include="..\Classes\RHMainMenu.h">
      <Filter>src\Scenes</Filter>
    </ClInclude>
    <ClInclude Include="..\Classes\RHBaseScene.h">
      <Filter>src\Scenes\Base Scene</Filter>
    </ClInclude>
    <ClInclude Include="..\Classes\RHScenes.h">
      <Filter>src\Scenes\Game Scenes</Filter>
    </ClInclude>
    <ClInclude Include="..\Classes\RHLevelComponents.h">
      <Filter>src\Storage</Filter>
    </ClInclude>
    <ClInclude Include="..\Classes\RHGridVector.h">
      <Filter>src\Types</Filter>
    </ClInclude>
    <ClInclude Include="..\Classes\RHCar.h">
      <Filter>src\Game Objects\Cars</Filter>
    </ClInclude>
    <ClInclude Include="..\Classes\RHGameGrid.h">
      <Filter>src\Game Objects\Grid</Filter>
    </ClInclude>
    <ClInclude Include="RHLevelParser.h">
      <Filter>src\Storage\FileIO</Filter>
    </ClInclude>
  </ItemGroup>
  <ItemGroup>
    <Filter Include="resource">
      <UniqueIdentifier>{c6c2c38d-5c05-4700-8f68-ba66a0753dc4}</UniqueIdentifier>
    </Filter>
    <Filter Include="src">
      <UniqueIdentifier>{30f2f563-01a2-4984-9d2e-cb5bc4c8af3e}</UniqueIdentifier>
    </Filter>
    <Filter Include="win32">
      <UniqueIdentifier>{e717d676-5bf5-4e41-b7d2-ae0d0c7c28da}</UniqueIdentifier>
    </Filter>
    <Filter Include="src\The App">
      <UniqueIdentifier>{a5d5c819-8453-4c0c-a5e4-fd4dd3c8e489}</UniqueIdentifier>
    </Filter>
    <Filter Include="src\Scenes">
      <UniqueIdentifier>{52f26db9-1bf4-4a0a-83bb-8d05b20d76a4}</UniqueIdentifier>
    </Filter>
    <Filter Include="src\Debugger">
      <UniqueIdentifier>{f916ce1d-d8a4-4daa-9dcb-11e760b5fa7c}</UniqueIdentifier>
    </Filter>
    <Filter Include="src\Scenes\Base Scene">
      <UniqueIdentifier>{44b71099-b413-4f98-a430-a7a1492c8b7d}</UniqueIdentifier>
    </Filter>
    <Filter Include="src\Scenes\Game Scenes">
      <UniqueIdentifier>{512b56bd-9394-477a-a5c5-7017ff3037a8}</UniqueIdentifier>
    </Filter>
    <Filter Include="src\UI">
      <UniqueIdentifier>{860dda01-7f04-423e-9b29-d0bd3fc4db15}</UniqueIdentifier>
    </Filter>
    <Filter Include="src\Game Objects">
      <UniqueIdentifier>{c67e8a70-cb18-4f37-9fe8-3957b85c8c86}</UniqueIdentifier>
    </Filter>
    <Filter Include="src\Types">
      <UniqueIdentifier>{b3a82af7-8092-4456-ae7c-f6c2977c52cf}</UniqueIdentifier>
    </Filter>
    <Filter Include="src\Storage">
      <UniqueIdentifier>{639189cc-b3bb-4883-8364-5e27a41855d5}</UniqueIdentifier>
    </Filter>
    <Filter Include="src\Storage\FileIO">
      <UniqueIdentifier>{18deaeb1-66e0-4293-89e4-b85f7e65c459}</UniqueIdentifier>
    </Filter>
    <Filter Include="src\Game Objects\Cars">
      <UniqueIdentifier>{5850e846-b664-4092-923a-47624e6e2648}</UniqueIdentifier>
    </Filter>
    <Filter Include="src\Game Objects\Grid">
      <UniqueIdentifier>{ca89b70e-956c-45d7-ba51-b7dfbec2350d}</UniqueIdentifier>
    </Filter>
    <Filter Include="src\UI\Play Settings">
      <UniqueIdentifier>{e3f2a404-a9dd-4554-b802-4c880c685968}</UniqueIdentifier>
    </Filter>
  </ItemGroup>
  <ItemGroup>
    <ResourceCompile Include="game.rc">
      <Filter>resource</Filter>
    </ResourceCompile>
  </ItemGroup>
</Project>