<?xml version="1.0" encoding="utf-8"?>
<Project ToolsVersion="4.0" xmlns="http://schemas.microsoft.com/developer/msbuild/2003">
  <ItemGroup>
    <ClCompile Include="main.cpp">
      <Filter>win32</Filter>
    </ClCompile>
    <ClCompile Include="..\Classes\AppDelegate.cpp">
      <Filter>src\The App</Filter>
    </ClCompile>
    <ClCompile Include="..\Classes\RHMainMenu.cpp">
      <Filter>src\Scenes</Filter>
    </ClCompile>
    <ClCompile Include="..\Classes\RHScenes.cpp">
      <Filter>src\Scenes\Game Scenes</Filter>
    </ClCompile>
  </ItemGroup>
  <ItemGroup>
    <ClInclude Include="main.h">
      <Filter>win32</Filter>
    </ClInclude>
    <ClInclude Include="..\Classes\AppDelegate.h">
      <Filter>src\The App</Filter>
    </ClInclude>
    <ClInclude Include="..\Classes\RHMainMenu.h">
      <Filter>src\Scenes</Filter>
    </ClInclude>
    <ClInclude Include="..\Classes\RHBaseScene.h">
      <Filter>src\Scenes\Base Scene</Filter>
    </ClInclude>
    <ClInclude Include="..\Classes\RHScenes.h">
      <Filter>src\Scenes\Game Scenes</Filter>
    </ClInclude>
  </ItemGroup>
  <ItemGroup>
    <Filter Include="resource">
      <UniqueIdentifier>{c6c2c38d-5c05-4700-8f68-ba66a0753dc4}</UniqueIdentifier>
    </Filter>
    <Filter Include="src">
      <UniqueIdentifier>{30f2f563-01a2-4984-9d2e-cb5bc4c8af3e}</UniqueIdentifier>
    </Filter>
    <Filter Include="win32">
      <UniqueIdentifier>{e717d676-5bf5-4e41-b7d2-ae0d0c7c28da}</UniqueIdentifier>
    </Filter>
    <Filter Include="src\The App">
      <UniqueIdentifier>{a5d5c819-8453-4c0c-a5e4-fd4dd3c8e489}</UniqueIdentifier>
    </Filter>
    <Filter Include="src\Scenes">
      <UniqueIdentifier>{52f26db9-1bf4-4a0a-83bb-8d05b20d76a4}</UniqueIdentifier>
    </Filter>
    <Filter Include="src\Debugger">
      <UniqueIdentifier>{f916ce1d-d8a4-4daa-9dcb-11e760b5fa7c}</UniqueIdentifier>
    </Filter>
    <Filter Include="src\Scenes\Base Scene">
      <UniqueIdentifier>{44b71099-b413-4f98-a430-a7a1492c8b7d}</UniqueIdentifier>
    </Filter>
    <Filter Include="src\FileIO">
      <UniqueIdentifier>{18deaeb1-66e0-4293-89e4-b85f7e65c459}</UniqueIdentifier>
    </Filter>
    <Filter Include="src\Scenes\Game Scenes">
      <UniqueIdentifier>{512b56bd-9394-477a-a5c5-7017ff3037a8}</UniqueIdentifier>
    </Filter>
    <Filter Include="src\UI">
      <UniqueIdentifier>{860dda01-7f04-423e-9b29-d0bd3fc4db15}</UniqueIdentifier>
    </Filter>
  </ItemGroup>
  <ItemGroup>
    <ResourceCompile Include="game.rc">
      <Filter>resource</Filter>
    </ResourceCompile>
  </ItemGroup>
</Project>